{
  "name": "ajs-node",
  "version": "1.0.0",
  "lockfileVersion": 3,
  "requires": true,
  "packages": {
    "": {
      "name": "ajs-node",
      "version": "1.0.0",
      "license": "ISC",
      "dependencies": {
        "@sashamikheytseva/ajs": "^1.0.0"
      }
    },
    "node_modules/@sashamikheytseva/ajs": {
      "version": "1.0.0",
      "resolved": "https://npm.pkg.github.com/download/@sashamikheytseva/ajs/1.0.0/4cbe8fd41c5ff2f0183d651fd0ffc836d0192359",
      "integrity": "sha512-GcThVlYpZ8QmXyQTxLSUusTFm5UJGZgv3idhOeVUiP/8DoyO6M4jmW/KDey8XUkDkGTF8bR9xmpsNSdA1WVZXA==",
      "license": "ISC"
    }
  }
}
